
Microsoft Visual Studio Solution File, Format Version 12.00
# Visual Studio Version 16
VisualStudioVersion = 16.0.31105.61
MinimumVisualStudioVersion = 10.0.40219.1
Project("{FAE04EC0-301F-11D3-BF4B-00C04F79EFBC}") = "GUIFactoruy", "GUIFactoruy\GUIFactoruy.csproj", "{3DDB85DA-9D99-46A1-B23D-D05730204AC4}"
EndProject
Global
	GlobalSection(SolutionConfigurationPlatforms) = preSolution
		Debug|Any CPU = Debug|Any CPU
		Release|Any CPU = Release|Any CPU
	EndGlobalSection
	GlobalSection(ProjectConfigurationPlatforms) = postSolution
		{3DDB85DA-9D99-46A1-B23D-D05730204AC4}.Debug|Any CPU.ActiveCfg = Debug|Any CPU
		{3DDB85DA-9D99-46A1-B23D-D05730204AC4}.Debug|Any CPU.Build.0 = Debug|Any CPU
		{3DDB85DA-9D99-46A1-B23D-D05730204AC4}.Release|Any CPU.ActiveCfg = Release|Any CPU
		{3DDB85DA-9D99-46A1-B23D-D05730204AC4}.Release|Any CPU.Build.0 = Release|Any CPU
	EndGlobalSection
	GlobalSection(SolutionProperties) = preSolution
		HideSolutionNode = FALSE
	EndGlobalSection
	GlobalSection(ExtensibilityGlobals) = postSolution
		SolutionGuid = {E356749B-66A3-4BCD-A965-5292FCA8C4A5}
	EndGlobalSection
EndGlobal
